
Microsoft Visual Studio Solution File, Format Version 12.00
# Visual Studio Version 17
VisualStudioVersion = 17.3.32929.385
MinimumVisualStudioVersion = 10.0.40219.1
Project("{FAE04EC0-301F-11D3-BF4B-00C04F79EFBC}") = "StoneService", "StoneService.csproj", "{D968B822-66D2-4761-B1D3-571AAFE8DEAB}"
EndProject
Global
	GlobalSection(SolutionConfigurationPlatforms) = preSolution
		Debug|Any CPU = Debug|Any CPU
		Release|Any CPU = Release|Any CPU
	EndGlobalSection
	GlobalSection(ProjectConfigurationPlatforms) = postSolution
		{D968B822-66D2-4761-B1D3-571AAFE8DEAB}.Debug|Any CPU.ActiveCfg = Debug|Any CPU
		{D968B822-66D2-4761-B1D3-571AAFE8DEAB}.Debug|Any CPU.Build.0 = Debug|Any CPU
		{D968B822-66D2-4761-B1D3-571AAFE8DEAB}.Release|Any CPU.ActiveCfg = Release|Any CPU
		{D968B822-66D2-4761-B1D3-571AAFE8DEAB}.Release|Any CPU.Build.0 = Release|Any CPU
	EndGlobalSection
	GlobalSection(SolutionProperties) = preSolution
		HideSolutionNode = FALSE
	EndGlobalSection
	GlobalSection(ExtensibilityGlobals) = postSolution
		SolutionGuid = {94C8E6E9-D72C-4E98-9003-2AAC8925472B}
	EndGlobalSection
EndGlobal
